// !$*UTF8*$!
{
	archiveVersion = 1;
	classes = {
	};
	objectVersion = 46;
	objects = {

/* Begin PBXBuildFile section */
		62C2EE4C9F104A59963C673C /* libPods.a in Frameworks */ = {isa = PBXBuildFile; fileRef = 512DDB1320AF2CC3579513B7 /* libPods.a */; };
		9A348FBF1BE5036700DA302B /* main.m in Sources */ = {isa = PBXBuildFile; fileRef = 9A348FBE1BE5036700DA302B /* main.m */; };
		9A348FC21BE5036700DA302B /* AppDelegate.m in Sources */ = {isa = PBXBuildFile; fileRef = 9A348FC11BE5036700DA302B /* AppDelegate.m */; };
		9A348FC81BE5036700DA302B /* Main.storyboard in Resources */ = {isa = PBXBuildFile; fileRef = 9A348FC61BE5036700DA302B /* Main.storyboard */; };
		9A348FCB1BE5036700DA302B /* Office_Hours.xcdatamodeld in Sources */ = {isa = PBXBuildFile; fileRef = 9A348FC91BE5036700DA302B /* Office_Hours.xcdatamodeld */; };
		9A348FCD1BE5036700DA302B /* Assets.xcassets in Resources */ = {isa = PBXBuildFile; fileRef = 9A348FCC1BE5036700DA302B /* Assets.xcassets */; };
		9A348FD01BE5036700DA302B /* LaunchScreen.storyboard in Resources */ = {isa = PBXBuildFile; fileRef = 9A348FCE1BE5036700DA302B /* LaunchScreen.storyboard */; };
		9A3B1AF01BE5170600BF9A21 /* HomePageViewController.m in Sources */ = {isa = PBXBuildFile; fileRef = 9A3B1AEF1BE5170600BF9A21 /* HomePageViewController.m */; settings = {ASSET_TAGS = (); }; };
		9A3B1AF31BE5172100BF9A21 /* SearchOfficeHoursViewController.m in Sources */ = {isa = PBXBuildFile; fileRef = 9A3B1AF21BE5172100BF9A21 /* SearchOfficeHoursViewController.m */; settings = {ASSET_TAGS = (); }; };
/* End PBXBuildFile section */

/* Begin PBXFileReference section */
		512DDB1320AF2CC3579513B7 /* libPods.a */ = {isa = PBXFileReference; explicitFileType = archive.ar; includeInIndex = 0; path = libPods.a; sourceTree = BUILT_PRODUCTS_DIR; };
		58B5631BF7EFDD3A4FCAACAB /* Pods.debug.xcconfig */ = {isa = PBXFileReference; includeInIndex = 1; lastKnownFileType = text.xcconfig; name = Pods.debug.xcconfig; path = "Pods/Target Support Files/Pods/Pods.debug.xcconfig"; sourceTree = "<group>"; };
		9A348FBA1BE5036600DA302B /* Office_Hours.app */ = {isa = PBXFileReference; explicitFileType = wrapper.application; includeInIndex = 0; path = Office_Hours.app; sourceTree = BUILT_PRODUCTS_DIR; };
		9A348FBE1BE5036700DA302B /* main.m */ = {isa = PBXFileReference; lastKnownFileType = sourcecode.c.objc; path = main.m; sourceTree = "<group>"; };
		9A348FC01BE5036700DA302B /* AppDelegate.h */ = {isa = PBXFileReference; lastKnownFileType = sourcecode.c.h; path = AppDelegate.h; sourceTree = "<group>"; };
		9A348FC11BE5036700DA302B /* AppDelegate.m */ = {isa = PBXFileReference; lastKnownFileType = sourcecode.c.objc; path = AppDelegate.m; sourceTree = "<group>"; };
		9A348FC71BE5036700DA302B /* Base */ = {isa = PBXFileReference; lastKnownFileType = file.storyboard; name = Base; path = Base.lproj/Main.storyboard; sourceTree = "<group>"; };
		9A348FCA1BE5036700DA302B /* Office_Hours.xcdatamodel */ = {isa = PBXFileReference; lastKnownFileType = wrapper.xcdatamodel; path = Office_Hours.xcdatamodel; sourceTree = "<group>"; };
		9A348FCC1BE5036700DA302B /* Assets.xcassets */ = {isa = PBXFileReference; lastKnownFileType = folder.assetcatalog; path = Assets.xcassets; sourceTree = "<group>"; };
		9A348FCF1BE5036700DA302B /* Base */ = {isa = PBXFileReference; lastKnownFileType = file.storyboard; name = Base; path = Base.lproj/LaunchScreen.storyboard; sourceTree = "<group>"; };
		9A348FD11BE5036700DA302B /* Info.plist */ = {isa = PBXFileReference; lastKnownFileType = text.plist.xml; path = Info.plist; sourceTree = "<group>"; };
		9A3B1AEE1BE5170600BF9A21 /* HomePageViewController.h */ = {isa = PBXFileReference; fileEncoding = 4; lastKnownFileType = sourcecode.c.h; path = HomePageViewController.h; sourceTree = "<group>"; };
		9A3B1AEF1BE5170600BF9A21 /* HomePageViewController.m */ = {isa = PBXFileReference; fileEncoding = 4; lastKnownFileType = sourcecode.c.objc; path = HomePageViewController.m; sourceTree = "<group>"; };
		9A3B1AF11BE5172100BF9A21 /* SearchOfficeHoursViewController.h */ = {isa = PBXFileReference; fileEncoding = 4; lastKnownFileType = sourcecode.c.h; path = SearchOfficeHoursViewController.h; sourceTree = "<group>"; };
		9A3B1AF21BE5172100BF9A21 /* SearchOfficeHoursViewController.m */ = {isa = PBXFileReference; fileEncoding = 4; lastKnownFileType = sourcecode.c.objc; path = SearchOfficeHoursViewController.m; sourceTree = "<group>"; };
		C23F7CF598ED520D50611B15 /* Pods.release.xcconfig */ = {isa = PBXFileReference; includeInIndex = 1; lastKnownFileType = text.xcconfig; name = Pods.release.xcconfig; path = "Pods/Target Support Files/Pods/Pods.release.xcconfig"; sourceTree = "<group>"; };
/* End PBXFileReference section */

/* Begin PBXFrameworksBuildPhase section */
		9A348FB71BE5036600DA302B /* Frameworks */ = {
			isa = PBXFrameworksBuildPhase;
			buildActionMask = 2147483647;
			files = (
				62C2EE4C9F104A59963C673C /* libPods.a in Frameworks */,
			);
			runOnlyForDeploymentPostprocessing = 0;
		};
/* End PBXFrameworksBuildPhase section */

/* Begin PBXGroup section */
		62A9CE71A874D4995C7D6969 /* Frameworks */ = {
			isa = PBXGroup;
			children = (
				512DDB1320AF2CC3579513B7 /* libPods.a */,
			);
			name = Frameworks;
			sourceTree = "<group>";
		};
		9914E8E281E291A773A9A169 /* Pods */ = {
			isa = PBXGroup;
			children = (
				58B5631BF7EFDD3A4FCAACAB /* Pods.debug.xcconfig */,
				C23F7CF598ED520D50611B15 /* Pods.release.xcconfig */,
			);
			name = Pods;
			sourceTree = "<group>";
		};
		9A348FB11BE5036600DA302B = {
			isa = PBXGroup;
			children = (
				9A348FBC1BE5036700DA302B /* Office_Hours */,
				9A348FBB1BE5036600DA302B /* Products */,
				9914E8E281E291A773A9A169 /* Pods */,
				62A9CE71A874D4995C7D6969 /* Frameworks */,
			);
			sourceTree = "<group>";
		};
		9A348FBB1BE5036600DA302B /* Products */ = {
			isa = PBXGroup;
			children = (
				9A348FBA1BE5036600DA302B /* Office_Hours.app */,
			);
			name = Products;
			sourceTree = "<group>";
		};
		9A348FBC1BE5036700DA302B /* Office_Hours */ = {
			isa = PBXGroup;
			children = (
				9A348FC01BE5036700DA302B /* AppDelegate.h */,
				9A348FC11BE5036700DA302B /* AppDelegate.m */,
				9A3B1AEE1BE5170600BF9A21 /* HomePageViewController.h */,
				9A3B1AEF1BE5170600BF9A21 /* HomePageViewController.m */,
				9A3B1AF11BE5172100BF9A21 /* SearchOfficeHoursViewController.h */,
				9A3B1AF21BE5172100BF9A21 /* SearchOfficeHoursViewController.m */,
				9A348FC61BE5036700DA302B /* Main.storyboard */,
				9A348FCC1BE5036700DA302B /* Assets.xcassets */,
				9A348FCE1BE5036700DA302B /* LaunchScreen.storyboard */,
				9A348FD11BE5036700DA302B /* Info.plist */,
				9A348FC91BE5036700DA302B /* Office_Hours.xcdatamodeld */,
				9A348FBD1BE5036700DA302B /* Supporting Files */,
			);
			path = Office_Hours;
			sourceTree = "<group>";
		};
		9A348FBD1BE5036700DA302B /* Supporting Files */ = {
			isa = PBXGroup;
			children = (
				9A348FBE1BE5036700DA302B /* main.m */,
			);
			name = "Supporting Files";
			sourceTree = "<group>";
		};
/* End PBXGroup section */

/* Begin PBXNativeTarget section */
		9A348FB91BE5036600DA302B /* Office_Hours */ = {
			isa = PBXNativeTarget;
			buildConfigurationList = 9A348FD41BE5036700DA302B /* Build configuration list for PBXNativeTarget "Office_Hours" */;
			buildPhases = (
				CCCA96EE5E96452596FF9B00 /* Check Pods Manifest.lock */,
				9A348FB61BE5036600DA302B /* Sources */,
				9A348FB71BE5036600DA302B /* Frameworks */,
				9A348FB81BE5036600DA302B /* Resources */,
				0C868D766EFC4478F206DD4F /* Copy Pods Resources */,
			);
			buildRules = (
			);
			dependencies = (
			);
			name = Office_Hours;
			productName = Office_Hours;
			productReference = 9A348FBA1BE5036600DA302B /* Office_Hours.app */;
			productType = "com.apple.product-type.application";
		};
/* End PBXNativeTarget section */

/* Begin PBXProject section */
		9A348FB21BE5036600DA302B /* Project object */ = {
			isa = PBXProject;
			attributes = {
				LastUpgradeCheck = 0700;
				ORGANIZATIONNAME = "Jamaal Sedayao";
				TargetAttributes = {
					9A348FB91BE5036600DA302B = {
						CreatedOnToolsVersion = 7.0;
						DevelopmentTeam = Z368FJ9ZFJ;
					};
				};
			};
			buildConfigurationList = 9A348FB51BE5036600DA302B /* Build configuration list for PBXProject "Office_Hours" */;
			compatibilityVersion = "Xcode 3.2";
			developmentRegion = English;
			hasScannedForEncodings = 0;
			knownRegions = (
				en,
				Base,
			);
			mainGroup = 9A348FB11BE5036600DA302B;
			productRefGroup = 9A348FBB1BE5036600DA302B /* Products */;
			projectDirPath = "";
			projectRoot = "";
			targets = (
				9A348FB91BE5036600DA302B /* Office_Hours */,
			);
		};
/* End PBXProject section */

/* Begin PBXResourcesBuildPhase section */
		9A348FB81BE5036600DA302B /* Resources */ = {
			isa = PBXResourcesBuildPhase;
			buildActionMask = 2147483647;
			files = (
				9A348FD01BE5036700DA302B /* LaunchScreen.storyboard in Resources */,
				9A348FCD1BE5036700DA302B /* Assets.xcassets in Resources */,
				9A348FC81BE5036700DA302B /* Main.storyboard in Resources */,
			);
			runOnlyForDeploymentPostprocessing = 0;
		};
/* End PBXResourcesBuildPhase section */

/* Begin PBXShellScriptBuildPhase section */
		0C868D766EFC4478F206DD4F /* Copy Pods Resources */ = {
			isa = PBXShellScriptBuildPhase;
			buildActionMask = 2147483647;
			files = (
			);
			inputPaths = (
			);
			name = "Copy Pods Resources";
			outputPaths = (
			);
			runOnlyForDeploymentPostprocessing = 0;
			shellPath = /bin/sh;
			shellScript = "\"${SRCROOT}/Pods/Target Support Files/Pods/Pods-resources.sh\"\n";
			showEnvVarsInLog = 0;
		};
		CCCA96EE5E96452596FF9B00 /* Check Pods Manifest.lock */ = {
			isa = PBXShellScriptBuildPhase;
			buildActionMask = 2147483647;
			files = (
			);
			inputPaths = (
			);
			name = "Check Pods Manifest.lock";
			outputPaths = (
			);
			runOnlyForDeploymentPostprocessing = 0;
			shellPath = /bin/sh;
			shellScript = "diff \"${PODS_ROOT}/../Podfile.lock\" \"${PODS_ROOT}/Manifest.lock\" > /dev/null\nif [[ $? != 0 ]] ; then\n    cat << EOM\nerror: The sandbox is not in sync with the Podfile.lock. Run 'pod install' or update your CocoaPods installation.\nEOM\n    exit 1\nfi\n";
			showEnvVarsInLog = 0;
		};
/* End PBXShellScriptBuildPhase section */

/* Begin PBXSourcesBuildPhase section */
		9A348FB61BE5036600DA302B /* Sources */ = {
			isa = PBXSourcesBuildPhase;
			buildActionMask = 2147483647;
			files = (
				9A3B1AF01BE5170600BF9A21 /* HomePageViewController.m in Sources */,
				9A348FCB1BE5036700DA302B /* Office_Hours.xcdatamodeld in Sources */,
				9A3B1AF31BE5172100BF9A21 /* SearchOfficeHoursViewController.m in Sources */,
				9A348FC21BE5036700DA302B /* AppDelegate.m in Sources */,
				9A348FBF1BE5036700DA302B /* main.m in Sources */,
			);
			runOnlyForDeploymentPostprocessing = 0;
		};
/* End PBXSourcesBuildPhase section */

/* Begin PBXVariantGroup section */
		9A348FC61BE5036700DA302B /* Main.storyboard */ = {
			isa = PBXVariantGroup;
			children = (
				9A348FC71BE5036700DA302B /* Base */,
			);
			name = Main.storyboard;
			sourceTree = "<group>";
		};
		9A348FCE1BE5036700DA302B /* LaunchScreen.storyboard */ = {
			isa = PBXVariantGroup;
			children = (
				9A348FCF1BE5036700DA302B /* Base */,
			);
			name = LaunchScreen.storyboard;
			sourceTree = "<group>";
		};
/* End PBXVariantGroup section */

/* Begin XCBuildConfiguration section */
		9A348FD21BE5036700DA302B /* Debug */ = {
			isa = XCBuildConfiguration;
			buildSettings = {
				ALWAYS_SEARCH_USER_PATHS = NO;
				CLANG_CXX_LANGUAGE_STANDARD = "gnu++0x";
				CLANG_CXX_LIBRARY = "libc++";
				CLANG_ENABLE_MODULES = YES;
				CLANG_ENABLE_OBJC_ARC = YES;
				CLANG_WARN_BOOL_CONVERSION = YES;
				CLANG_WARN_CONSTANT_CONVERSION = YES;
				CLANG_WARN_DIRECT_OBJC_ISA_USAGE = YES_ERROR;
				CLANG_WARN_EMPTY_BODY = YES;
				CLANG_WARN_ENUM_CONVERSION = YES;
				CLANG_WARN_INT_CONVERSION = YES;
				CLANG_WARN_OBJC_ROOT_CLASS = YES_ERROR;
				CLANG_WARN_UNREACHABLE_CODE = YES;
				CLANG_WARN__DUPLICATE_METHOD_MATCH = YES;
				"CODE_SIGN_IDENTITY[sdk=iphoneos*]" = "iPhone Developer";
				COPY_PHASE_STRIP = NO;
				DEBUG_INFORMATION_FORMAT = dwarf;
				ENABLE_STRICT_OBJC_MSGSEND = YES;
				ENABLE_TESTABILITY = YES;
				GCC_C_LANGUAGE_STANDARD = gnu99;
				GCC_DYNAMIC_NO_PIC = NO;
				GCC_NO_COMMON_BLOCKS = YES;
				GCC_OPTIMIZATION_LEVEL = 0;
				GCC_PREPROCESSOR_DEFINITIONS = (
					"DEBUG=1",
					"$(inherited)",
				);
				GCC_WARN_64_TO_32_BIT_CONVERSION = YES;
				GCC_WARN_ABOUT_RETURN_TYPE = YES_ERROR;
				GCC_WARN_UNDECLARED_SELECTOR = YES;
				GCC_WARN_UNINITIALIZED_AUTOS = YES_AGGRESSIVE;
				GCC_WARN_UNUSED_FUNCTION = YES;
				GCC_WARN_UNUSED_VARIABLE = YES;
				IPHONEOS_DEPLOYMENT_TARGET = 9.0;
				MTL_ENABLE_DEBUG_INFO = YES;
				ONLY_ACTIVE_ARCH = YES;
				SDKROOT = iphoneos;
				TARGETED_DEVICE_FAMILY = "1,2";
			};
			name = Debug;
		};
		9A348FD31BE5036700DA302B /* Release */ = {
			isa = XCBuildConfiguration;
			buildSettings = {
				ALWAYS_SEARCH_USER_PATHS = NO;
				CLANG_CXX_LANGUAGE_STANDARD = "gnu++0x";
				CLANG_CXX_LIBRARY = "libc++";
				CLANG_ENABLE_MODULES = YES;
				CLANG_ENABLE_OBJC_ARC = YES;
				CLANG_WARN_BOOL_CONVERSION = YES;
				CLANG_WARN_CONSTANT_CONVERSION = YES;
				CLANG_WARN_DIRECT_OBJC_ISA_USAGE = YES_ERROR;
				CLANG_WARN_EMPTY_BODY = YES;
				CLANG_WARN_ENUM_CONVERSION = YES;
				CLANG_WARN_INT_CONVERSION = YES;
				CLANG_WARN_OBJC_ROOT_CLASS = YES_ERROR;
				CLANG_WARN_UNREACHABLE_CODE = YES;
				CLANG_WARN__DUPLICATE_METHOD_MATCH = YES;
				"CODE_SIGN_IDENTITY[sdk=iphoneos*]" = "iPhone Developer";
				COPY_PHASE_STRIP = NO;
				DEBUG_INFORMATION_FORMAT = "dwarf-with-dsym";
				ENABLE_NS_ASSERTIONS = NO;
				ENABLE_STRICT_OBJC_MSGSEND = YES;
				GCC_C_LANGUAGE_STANDARD = gnu99;
				GCC_NO_COMMON_BLOCKS = YES;
				GCC_WARN_64_TO_32_BIT_CONVERSION = YES;
				GCC_WARN_ABOUT_RETURN_TYPE = YES_ERROR;
				GCC_WARN_UNDECLARED_SELECTOR = YES;
				GCC_WARN_UNINITIALIZED_AUTOS = YES_AGGRESSIVE;
				GCC_WARN_UNUSED_FUNCTION = YES;
				GCC_WARN_UNUSED_VARIABLE = YES;
				IPHONEOS_DEPLOYMENT_TARGET = 9.0;
				MTL_ENABLE_DEBUG_INFO = NO;
				SDKROOT = iphoneos;
				TARGETED_DEVICE_FAMILY = "1,2";
				VALIDATE_PRODUCT = YES;
			};
			name = Release;
		};
		9A348FD51BE5036700DA302B /* Debug */ = {
			isa = XCBuildConfiguration;
			baseConfigurationReference = 58B5631BF7EFDD3A4FCAACAB /* Pods.debug.xcconfig */;
			buildSettings = {
				ASSETCATALOG_COMPILER_APPICON_NAME = AppIcon;
				INFOPLIST_FILE = Office_Hours/Info.plist;
				LD_RUNPATH_SEARCH_PATHS = "$(inherited) @executable_path/Frameworks";
				PRODUCT_BUNDLE_IDENTIFIER = "com.jamaalsedayao.Office-Hours";
				PRODUCT_NAME = "$(TARGET_NAME)";
			};
			name = Debug;
		};
		9A348FD61BE5036700DA302B /* Release */ = {
			isa = XCBuildConfiguration;
			baseConfigurationReference = C23F7CF598ED520D50611B15 /* Pods.release.xcconfig */;
			buildSettings = {
				ASSETCATALOG_COMPILER_APPICON_NAME = AppIcon;
				INFOPLIST_FILE = Office_Hours/Info.plist;
				LD_RUNPATH_SEARCH_PATHS = "$(inherited) @executable_path/Frameworks";
				PRODUCT_BUNDLE_IDENTIFIER = "com.jamaalsedayao.Office-Hours";
				PRODUCT_NAME = "$(TARGET_NAME)";
			};
			name = Release;
		};
/* End XCBuildConfiguration section */

/* Begin XCConfigurationList section */
		9A348FB51BE5036600DA302B /* Build configuration list for PBXProject "Office_Hours" */ = {
			isa = XCConfigurationList;
			buildConfigurations = (
				9A348FD21BE5036700DA302B /* Debug */,
				9A348FD31BE5036700DA302B /* Release */,
			);
			defaultConfigurationIsVisible = 0;
			defaultConfigurationName = Release;
		};
		9A348FD41BE5036700DA302B /* Build configuration list for PBXNativeTarget "Office_Hours" */ = {
			isa = XCConfigurationList;
			buildConfigurations = (
				9A348FD51BE5036700DA302B /* Debug */,
				9A348FD61BE5036700DA302B /* Release */,
			);
			defaultConfigurationIsVisible = 0;
			defaultConfigurationName = Release;
		};
/* End XCConfigurationList section */

/* Begin XCVersionGroup section */
		9A348FC91BE5036700DA302B /* Office_Hours.xcdatamodeld */ = {
			isa = XCVersionGroup;
			children = (
				9A348FCA1BE5036700DA302B /* Office_Hours.xcdatamodel */,
			);
			currentVersion = 9A348FCA1BE5036700DA302B /* Office_Hours.xcdatamodel */;
			path = Office_Hours.xcdatamodeld;
			sourceTree = "<group>";
			versionGroupType = wrapper.xcdatamodel;
		};
/* End XCVersionGroup section */
	};
	rootObject = 9A348FB21BE5036600DA302B /* Project object */;
}
